
Microsoft Visual Studio Solution File, Format Version 12.00
# Visual Studio Version 17
VisualStudioVersion = 17.11.35303.130
MinimumVisualStudioVersion = 10.0.40219.1
Project("{FAE04EC0-301F-11D3-BF4B-00C04F79EFBC}") = "Classi_30-09", "Classi_30-09\Classi_30-09.csproj", "{6ED7236E-9862-4579-9494-3B14AA0B07E4}"
EndProject
Global
	GlobalSection(SolutionConfigurationPlatforms) = preSolution
		Debug|Any CPU = Debug|Any CPU
		Release|Any CPU = Release|Any CPU
	EndGlobalSection
	GlobalSection(ProjectConfigurationPlatforms) = postSolution
		{6ED7236E-9862-4579-9494-3B14AA0B07E4}.Debug|Any CPU.ActiveCfg = Debug|Any CPU
		{6ED7236E-9862-4579-9494-3B14AA0B07E4}.Debug|Any CPU.Build.0 = Debug|Any CPU
		{6ED7236E-9862-4579-9494-3B14AA0B07E4}.Release|Any CPU.ActiveCfg = Release|Any CPU
		{6ED7236E-9862-4579-9494-3B14AA0B07E4}.Release|Any CPU.Build.0 = Release|Any CPU
	EndGlobalSection
	GlobalSection(SolutionProperties) = preSolution
		HideSolutionNode = FALSE
	EndGlobalSection
	GlobalSection(ExtensibilityGlobals) = postSolution
		SolutionGuid = {00BA4018-CD46-4A70-AE4E-22EBE1EF7676}
	EndGlobalSection
EndGlobal
