
Microsoft Visual Studio Solution File, Format Version 12.00
# Visual Studio Version 17
VisualStudioVersion = 17.11.35303.130
MinimumVisualStudioVersion = 10.0.40219.1
Project("{FAE04EC0-301F-11D3-BF4B-00C04F79EFBC}") = "es-arrayecrud", "es-arrayecrud\es-arrayecrud.csproj", "{FF9F5DAE-2FBB-4924-A601-9A3CF55D69A1}"
EndProject
Global
	GlobalSection(SolutionConfigurationPlatforms) = preSolution
		Debug|Any CPU = Debug|Any CPU
		Release|Any CPU = Release|Any CPU
	EndGlobalSection
	GlobalSection(ProjectConfigurationPlatforms) = postSolution
		{FF9F5DAE-2FBB-4924-A601-9A3CF55D69A1}.Debug|Any CPU.ActiveCfg = Debug|Any CPU
		{FF9F5DAE-2FBB-4924-A601-9A3CF55D69A1}.Debug|Any CPU.Build.0 = Debug|Any CPU
		{FF9F5DAE-2FBB-4924-A601-9A3CF55D69A1}.Release|Any CPU.ActiveCfg = Release|Any CPU
		{FF9F5DAE-2FBB-4924-A601-9A3CF55D69A1}.Release|Any CPU.Build.0 = Release|Any CPU
	EndGlobalSection
	GlobalSection(SolutionProperties) = preSolution
		HideSolutionNode = FALSE
	EndGlobalSection
	GlobalSection(ExtensibilityGlobals) = postSolution
		SolutionGuid = {4352B72C-00F7-4334-B345-3BB19B05D97C}
	EndGlobalSection
EndGlobal
