
Microsoft Visual Studio Solution File, Format Version 12.00
# Visual Studio Version 17
VisualStudioVersion = 17.11.35303.130
MinimumVisualStudioVersion = 10.0.40219.1
Project("{FAE04EC0-301F-11D3-BF4B-00C04F79EFBC}") = "Compiti_20-09", "Compiti_20-09\Compiti_20-09.csproj", "{56021437-3B34-4B19-B880-FB4C281A75ED}"
EndProject
Global
	GlobalSection(SolutionConfigurationPlatforms) = preSolution
		Debug|Any CPU = Debug|Any CPU
		Release|Any CPU = Release|Any CPU
	EndGlobalSection
	GlobalSection(ProjectConfigurationPlatforms) = postSolution
		{56021437-3B34-4B19-B880-FB4C281A75ED}.Debug|Any CPU.ActiveCfg = Debug|Any CPU
		{56021437-3B34-4B19-B880-FB4C281A75ED}.Debug|Any CPU.Build.0 = Debug|Any CPU
		{56021437-3B34-4B19-B880-FB4C281A75ED}.Release|Any CPU.ActiveCfg = Release|Any CPU
		{56021437-3B34-4B19-B880-FB4C281A75ED}.Release|Any CPU.Build.0 = Release|Any CPU
	EndGlobalSection
	GlobalSection(SolutionProperties) = preSolution
		HideSolutionNode = FALSE
	EndGlobalSection
	GlobalSection(ExtensibilityGlobals) = postSolution
		SolutionGuid = {54D8CC46-B261-4D07-AFB5-A9E295FF4E91}
	EndGlobalSection
EndGlobal
